
Microsoft Visual Studio Solution File, Format Version 12.00
# Visual Studio Version 16
VisualStudioVersion = 16.0.31025.194
MinimumVisualStudioVersion = 10.0.40219.1
Project("{FAE04EC0-301F-11D3-BF4B-00C04F79EFBC}") = "Lesson-4", "Lesson-4\Lesson-4.csproj", "{F70A78EF-09C9-40F3-A967-95169709FE85}"
EndProject
Global
	GlobalSection(SolutionConfigurationPlatforms) = preSolution
		Debug|Any CPU = Debug|Any CPU
		Release|Any CPU = Release|Any CPU
	EndGlobalSection
	GlobalSection(ProjectConfigurationPlatforms) = postSolution
		{F70A78EF-09C9-40F3-A967-95169709FE85}.Debug|Any CPU.ActiveCfg = Debug|Any CPU
		{F70A78EF-09C9-40F3-A967-95169709FE85}.Debug|Any CPU.Build.0 = Debug|Any CPU
		{F70A78EF-09C9-40F3-A967-95169709FE85}.Release|Any CPU.ActiveCfg = Release|Any CPU
		{F70A78EF-09C9-40F3-A967-95169709FE85}.Release|Any CPU.Build.0 = Release|Any CPU
	EndGlobalSection
	GlobalSection(SolutionProperties) = preSolution
		HideSolutionNode = FALSE
	EndGlobalSection
	GlobalSection(ExtensibilityGlobals) = postSolution
		SolutionGuid = {BAE0AC2F-A716-4032-8D9E-579DAF6F6D6C}
	EndGlobalSection
EndGlobal
